
Microsoft Visual Studio Solution File, Format Version 12.00
# Visual Studio 15
VisualStudioVersion = 15.0.27130.2026
MinimumVisualStudioVersion = 10.0.40219.1
Project("{FAE04EC0-301F-11D3-BF4B-00C04F79EFBC}") = "OpenRastaCore", "OpenRastaCore\OpenRastaCore.csproj", "{03ED5E9F-A47C-46AD-A700-BA77F3A1B9F4}"
EndProject
Global
	GlobalSection(SolutionConfigurationPlatforms) = preSolution
		Debug|Any CPU = Debug|Any CPU
		Release|Any CPU = Release|Any CPU
	EndGlobalSection
	GlobalSection(ProjectConfigurationPlatforms) = postSolution
		{03ED5E9F-A47C-46AD-A700-BA77F3A1B9F4}.Debug|Any CPU.ActiveCfg = Debug|Any CPU
		{03ED5E9F-A47C-46AD-A700-BA77F3A1B9F4}.Debug|Any CPU.Build.0 = Debug|Any CPU
		{03ED5E9F-A47C-46AD-A700-BA77F3A1B9F4}.Release|Any CPU.ActiveCfg = Release|Any CPU
		{03ED5E9F-A47C-46AD-A700-BA77F3A1B9F4}.Release|Any CPU.Build.0 = Release|Any CPU
		{5ECBB74F-803B-44A6-B1D4-C00ED09D5307}.Debug|Any CPU.ActiveCfg = Debug|Any CPU
		{5ECBB74F-803B-44A6-B1D4-C00ED09D5307}.Debug|Any CPU.Build.0 = Debug|Any CPU
		{5ECBB74F-803B-44A6-B1D4-C00ED09D5307}.Release|Any CPU.ActiveCfg = Release|Any CPU
		{5ECBB74F-803B-44A6-B1D4-C00ED09D5307}.Release|Any CPU.Build.0 = Release|Any CPU
	EndGlobalSection
	GlobalSection(SolutionProperties) = preSolution
		HideSolutionNode = FALSE
	EndGlobalSection
	GlobalSection(ExtensibilityGlobals) = postSolution
		SolutionGuid = {B669191B-82FE-4B8C-B65E-AF3F828F9F0F}
	EndGlobalSection
EndGlobal
